
Microsoft Visual Studio Solution File, Format Version 12.00
# Visual Studio Version 17
VisualStudioVersion = 17.12.35506.116
MinimumVisualStudioVersion = 10.0.40219.1
Project("{2150E333-8FDC-42A3-9474-1A3956D46DE8}") = "Task0", "Task0", "{B259205D-3865-44B3-83B6-57BF08F15C20}"
EndProject
Project("{FAE04EC0-301F-11D3-BF4B-00C04F79EFBC}") = "Tyuiu.ShakhovDK.Sprint6.Task0.V10", "Tyuiu.ShakhovDK.Sprint6.Task0.V10\Tyuiu.ShakhovDK.Sprint6.Task0.V10.csproj", "{3FBDF4C3-1886-4ED9-B56B-B3A4657A4ECB}"
EndProject
Project("{FAE04EC0-301F-11D3-BF4B-00C04F79EFBC}") = "Tyuiu.ShakhovDK.Sprint6.Task0.V10.Lib", "Tyuiu.ShakhovDK.Sprint6.Task0.V10.Lib\Tyuiu.ShakhovDK.Sprint6.Task0.V10.Lib.csproj", "{8FBDF53C-E04D-4E07-9BCB-725381A24D1D}"
EndProject
Project("{FAE04EC0-301F-11D3-BF4B-00C04F79EFBC}") = "Tyuiu.ShakhovDK.Sprint6.Task0.V10.Test", "Tyuiu.ShakhovDK.Sprint6.Task0.V10.Test\Tyuiu.ShakhovDK.Sprint6.Task0.V10.Test.csproj", "{3065C415-2DA8-4255-BBD2-0E73C6DFE72B}"
EndProject
Project("{2150E333-8FDC-42A3-9474-1A3956D46DE8}") = "Task1", "Task1", "{956E8973-7920-4261-862B-667117E63664}"
EndProject
Project("{FAE04EC0-301F-11D3-BF4B-00C04F79EFBC}") = "Tyuiu.ShakhovDK.Sprint6.Task1.V20", "Tyuiu.ShakhovDK.Sprint6.Task1.V20\Tyuiu.ShakhovDK.Sprint6.Task1.V20.csproj", "{F81623F1-306C-49B5-8F3E-E99505269777}"
EndProject
Project("{FAE04EC0-301F-11D3-BF4B-00C04F79EFBC}") = "Tyuiu.ShakhovDK.Sprint6.Task1.V20.Lib", "Tyuiu.ShakhovDK.Sprint6.Task1.V20.Lib\Tyuiu.ShakhovDK.Sprint6.Task1.V20.Lib.csproj", "{277DFB1E-CD23-4D1A-AC57-D146BCA6B111}"
EndProject
Project("{FAE04EC0-301F-11D3-BF4B-00C04F79EFBC}") = "Tyuiu.ShakhovDK.Sprint6.Task1.V20.Test", "Tyuiu.ShakhovDK.Sprint6.Task1.V20.Test\Tyuiu.ShakhovDK.Sprint6.Task1.V20.Test.csproj", "{AABCF8BC-F240-4081-8171-6ADF68C4442A}"
EndProject
Project("{2150E333-8FDC-42A3-9474-1A3956D46DE8}") = "Task2", "Task2", "{016DD62D-6704-454A-9EA7-258D9531D1B6}"
EndProject
Project("{FAE04EC0-301F-11D3-BF4B-00C04F79EFBC}") = "Tyuiu.ShakhovDK.Sprint6.Task2.V25", "Tyuiu.ShakhovDK.Sprint6.Task2.V25\Tyuiu.ShakhovDK.Sprint6.Task2.V25.csproj", "{85BBA013-EA97-414C-964C-FA0801144947}"
EndProject
Project("{FAE04EC0-301F-11D3-BF4B-00C04F79EFBC}") = "Tyuiu.ShakhovDK.Sprint6.Task2.V25.Lib", "Tyuiu.ShakhovDK.Sprint6.Task2.V25.Lib\Tyuiu.ShakhovDK.Sprint6.Task2.V25.Lib.csproj", "{CE66C911-8A3C-44B9-96F3-C81EAE1ED9A1}"
EndProject
Project("{FAE04EC0-301F-11D3-BF4B-00C04F79EFBC}") = "Tyuiu.ShakhovDK.Sprint6.Task2.V25.Test", "Tyuiu.ShakhovDK.Sprint6.Task2.V25.Test\Tyuiu.ShakhovDK.Sprint6.Task2.V25.Test.csproj", "{46AB9102-8405-46E6-9351-8B7AE7269AF3}"
EndProject
Project("{2150E333-8FDC-42A3-9474-1A3956D46DE8}") = "Task3", "Task3", "{0F98765D-1311-4F01-86C4-7FEAC70A289E}"
EndProject
Project("{FAE04EC0-301F-11D3-BF4B-00C04F79EFBC}") = "Tyuiu.ShakhovDK.Sprint6.Task3.V29", "Tyuiu.ShakhovDK.Sprint6.Task3.V29\Tyuiu.ShakhovDK.Sprint6.Task3.V29.csproj", "{87860D2D-1FAA-4880-8233-E38114173DE1}"
EndProject
Project("{FAE04EC0-301F-11D3-BF4B-00C04F79EFBC}") = "Tyuiu.ShakhovDK.Sprint6.Task3.V29.Lib", "Tyuiu.ShakhovDK.Sprint6.Task3.V29.Lib\Tyuiu.ShakhovDK.Sprint6.Task3.V29.Lib.csproj", "{39381986-1434-4D57-9D57-9F87306BE2E7}"
EndProject
Project("{FAE04EC0-301F-11D3-BF4B-00C04F79EFBC}") = "Tyuiu.ShakhovDK.Sprint6.Task3.V29.Test", "Tyuiu.ShakhovDK.Sprint6.Task3.V29.Test\Tyuiu.ShakhovDK.Sprint6.Task3.V29.Test.csproj", "{FDA296F1-B931-42D1-95CF-211D85332AC0}"
EndProject
Project("{2150E333-8FDC-42A3-9474-1A3956D46DE8}") = "Task4", "Task4", "{25D02A0C-A33E-4374-9375-2159AD94B656}"
EndProject
Project("{FAE04EC0-301F-11D3-BF4B-00C04F79EFBC}") = "Tyuiu.ShakhovDK.Sprint6.Task4.V11", "Tyuiu.ShakhovDK.Sprint6.Task4.V11\Tyuiu.ShakhovDK.Sprint6.Task4.V11.csproj", "{8F99D5FD-EBE9-4A13-AA8A-53AC59C31AE0}"
EndProject
Project("{FAE04EC0-301F-11D3-BF4B-00C04F79EFBC}") = "Tyuiu.ShakhovDK.Sprint6.Task4.V11.Lib", "Tyuiu.ShakhovDK.Sprint6.Task4.V11.Lib\Tyuiu.ShakhovDK.Sprint6.Task4.V11.Lib.csproj", "{99E9F309-6A7E-48B3-A8CF-1E8EEFD5CFEC}"
EndProject
Project("{FAE04EC0-301F-11D3-BF4B-00C04F79EFBC}") = "Tyuiu.ShakhovDK.Sprint6.Task4.V11.Test", "Tyuiu.ShakhovDK.Sprint6.Task4.V11.Test\Tyuiu.ShakhovDK.Sprint6.Task4.V11.Test.csproj", "{52CA2C4A-B376-40DB-93ED-27AA15354D84}"
EndProject
Project("{2150E333-8FDC-42A3-9474-1A3956D46DE8}") = "Task5", "Task5", "{AD5A7A66-7F6E-4D00-A1DA-A5AF338FB725}"
EndProject
Project("{FAE04EC0-301F-11D3-BF4B-00C04F79EFBC}") = "Tyuiu.ShakhovDK.Sprint6.Task5.V23", "Tyuiu.ShakhovDK.Sprint6.Task5.V23\Tyuiu.ShakhovDK.Sprint6.Task5.V23.csproj", "{5A73EFFC-2649-4F40-9FA1-EB27438A4DFC}"
EndProject
Project("{FAE04EC0-301F-11D3-BF4B-00C04F79EFBC}") = "Tyuiu.ShakhovDK.Sprint6.Task5.V23.Lib", "Tyuiu.ShakhovDK.Sprint6.Task5.V23.Lib\Tyuiu.ShakhovDK.Sprint6.Task5.V23.Lib.csproj", "{3F5DCC9B-5472-4DFB-8043-03F63A671769}"
EndProject
Project("{FAE04EC0-301F-11D3-BF4B-00C04F79EFBC}") = "Tyuiu.ShakhovDK.Sprint6.Task5.V23.Test", "Tyuiu.ShakhovDK.Sprint6.Task5.V23.Test\Tyuiu.ShakhovDK.Sprint6.Task5.V23.Test.csproj", "{DD678785-85F4-4662-A2CD-1FDE3D3AC0BF}"
EndProject
Global
	GlobalSection(SolutionConfigurationPlatforms) = preSolution
		Debug|Any CPU = Debug|Any CPU
		Release|Any CPU = Release|Any CPU
	EndGlobalSection
	GlobalSection(ProjectConfigurationPlatforms) = postSolution
		{3FBDF4C3-1886-4ED9-B56B-B3A4657A4ECB}.Debug|Any CPU.ActiveCfg = Debug|Any CPU
		{3FBDF4C3-1886-4ED9-B56B-B3A4657A4ECB}.Debug|Any CPU.Build.0 = Debug|Any CPU
		{3FBDF4C3-1886-4ED9-B56B-B3A4657A4ECB}.Release|Any CPU.ActiveCfg = Release|Any CPU
		{3FBDF4C3-1886-4ED9-B56B-B3A4657A4ECB}.Release|Any CPU.Build.0 = Release|Any CPU
		{8FBDF53C-E04D-4E07-9BCB-725381A24D1D}.Debug|Any CPU.ActiveCfg = Debug|Any CPU
		{8FBDF53C-E04D-4E07-9BCB-725381A24D1D}.Debug|Any CPU.Build.0 = Debug|Any CPU
		{8FBDF53C-E04D-4E07-9BCB-725381A24D1D}.Release|Any CPU.ActiveCfg = Release|Any CPU
		{8FBDF53C-E04D-4E07-9BCB-725381A24D1D}.Release|Any CPU.Build.0 = Release|Any CPU
		{3065C415-2DA8-4255-BBD2-0E73C6DFE72B}.Debug|Any CPU.ActiveCfg = Debug|Any CPU
		{3065C415-2DA8-4255-BBD2-0E73C6DFE72B}.Debug|Any CPU.Build.0 = Debug|Any CPU
		{3065C415-2DA8-4255-BBD2-0E73C6DFE72B}.Release|Any CPU.ActiveCfg = Release|Any CPU
		{3065C415-2DA8-4255-BBD2-0E73C6DFE72B}.Release|Any CPU.Build.0 = Release|Any CPU
		{F81623F1-306C-49B5-8F3E-E99505269777}.Debug|Any CPU.ActiveCfg = Debug|Any CPU
		{F81623F1-306C-49B5-8F3E-E99505269777}.Debug|Any CPU.Build.0 = Debug|Any CPU
		{F81623F1-306C-49B5-8F3E-E99505269777}.Release|Any CPU.ActiveCfg = Release|Any CPU
		{F81623F1-306C-49B5-8F3E-E99505269777}.Release|Any CPU.Build.0 = Release|Any CPU
		{277DFB1E-CD23-4D1A-AC57-D146BCA6B111}.Debug|Any CPU.ActiveCfg = Debug|Any CPU
		{277DFB1E-CD23-4D1A-AC57-D146BCA6B111}.Debug|Any CPU.Build.0 = Debug|Any CPU
		{277DFB1E-CD23-4D1A-AC57-D146BCA6B111}.Release|Any CPU.ActiveCfg = Release|Any CPU
		{277DFB1E-CD23-4D1A-AC57-D146BCA6B111}.Release|Any CPU.Build.0 = Release|Any CPU
		{AABCF8BC-F240-4081-8171-6ADF68C4442A}.Debug|Any CPU.ActiveCfg = Debug|Any CPU
		{AABCF8BC-F240-4081-8171-6ADF68C4442A}.Debug|Any CPU.Build.0 = Debug|Any CPU
		{AABCF8BC-F240-4081-8171-6ADF68C4442A}.Release|Any CPU.ActiveCfg = Release|Any CPU
		{AABCF8BC-F240-4081-8171-6ADF68C4442A}.Release|Any CPU.Build.0 = Release|Any CPU
		{85BBA013-EA97-414C-964C-FA0801144947}.Debug|Any CPU.ActiveCfg = Debug|Any CPU
		{85BBA013-EA97-414C-964C-FA0801144947}.Debug|Any CPU.Build.0 = Debug|Any CPU
		{85BBA013-EA97-414C-964C-FA0801144947}.Release|Any CPU.ActiveCfg = Release|Any CPU
		{85BBA013-EA97-414C-964C-FA0801144947}.Release|Any CPU.Build.0 = Release|Any CPU
		{CE66C911-8A3C-44B9-96F3-C81EAE1ED9A1}.Debug|Any CPU.ActiveCfg = Debug|Any CPU
		{CE66C911-8A3C-44B9-96F3-C81EAE1ED9A1}.Debug|Any CPU.Build.0 = Debug|Any CPU
		{CE66C911-8A3C-44B9-96F3-C81EAE1ED9A1}.Release|Any CPU.ActiveCfg = Release|Any CPU
		{CE66C911-8A3C-44B9-96F3-C81EAE1ED9A1}.Release|Any CPU.Build.0 = Release|Any CPU
		{46AB9102-8405-46E6-9351-8B7AE7269AF3}.Debug|Any CPU.ActiveCfg = Debug|Any CPU
		{46AB9102-8405-46E6-9351-8B7AE7269AF3}.Debug|Any CPU.Build.0 = Debug|Any CPU
		{46AB9102-8405-46E6-9351-8B7AE7269AF3}.Release|Any CPU.ActiveCfg = Release|Any CPU
		{46AB9102-8405-46E6-9351-8B7AE7269AF3}.Release|Any CPU.Build.0 = Release|Any CPU
		{87860D2D-1FAA-4880-8233-E38114173DE1}.Debug|Any CPU.ActiveCfg = Debug|Any CPU
		{87860D2D-1FAA-4880-8233-E38114173DE1}.Debug|Any CPU.Build.0 = Debug|Any CPU
		{87860D2D-1FAA-4880-8233-E38114173DE1}.Release|Any CPU.ActiveCfg = Release|Any CPU
		{87860D2D-1FAA-4880-8233-E38114173DE1}.Release|Any CPU.Build.0 = Release|Any CPU
		{39381986-1434-4D57-9D57-9F87306BE2E7}.Debug|Any CPU.ActiveCfg = Debug|Any CPU
		{39381986-1434-4D57-9D57-9F87306BE2E7}.Debug|Any CPU.Build.0 = Debug|Any CPU
		{39381986-1434-4D57-9D57-9F87306BE2E7}.Release|Any CPU.ActiveCfg = Release|Any CPU
		{39381986-1434-4D57-9D57-9F87306BE2E7}.Release|Any CPU.Build.0 = Release|Any CPU
		{FDA296F1-B931-42D1-95CF-211D85332AC0}.Debug|Any CPU.ActiveCfg = Debug|Any CPU
		{FDA296F1-B931-42D1-95CF-211D85332AC0}.Debug|Any CPU.Build.0 = Debug|Any CPU
		{FDA296F1-B931-42D1-95CF-211D85332AC0}.Release|Any CPU.ActiveCfg = Release|Any CPU
		{FDA296F1-B931-42D1-95CF-211D85332AC0}.Release|Any CPU.Build.0 = Release|Any CPU
		{8F99D5FD-EBE9-4A13-AA8A-53AC59C31AE0}.Debug|Any CPU.ActiveCfg = Debug|Any CPU
		{8F99D5FD-EBE9-4A13-AA8A-53AC59C31AE0}.Debug|Any CPU.Build.0 = Debug|Any CPU
		{8F99D5FD-EBE9-4A13-AA8A-53AC59C31AE0}.Release|Any CPU.ActiveCfg = Release|Any CPU
		{8F99D5FD-EBE9-4A13-AA8A-53AC59C31AE0}.Release|Any CPU.Build.0 = Release|Any CPU
		{99E9F309-6A7E-48B3-A8CF-1E8EEFD5CFEC}.Debug|Any CPU.ActiveCfg = Debug|Any CPU
		{99E9F309-6A7E-48B3-A8CF-1E8EEFD5CFEC}.Debug|Any CPU.Build.0 = Debug|Any CPU
		{99E9F309-6A7E-48B3-A8CF-1E8EEFD5CFEC}.Release|Any CPU.ActiveCfg = Release|Any CPU
		{99E9F309-6A7E-48B3-A8CF-1E8EEFD5CFEC}.Release|Any CPU.Build.0 = Release|Any CPU
		{52CA2C4A-B376-40DB-93ED-27AA15354D84}.Debug|Any CPU.ActiveCfg = Debug|Any CPU
		{52CA2C4A-B376-40DB-93ED-27AA15354D84}.Debug|Any CPU.Build.0 = Debug|Any CPU
		{52CA2C4A-B376-40DB-93ED-27AA15354D84}.Release|Any CPU.ActiveCfg = Release|Any CPU
		{52CA2C4A-B376-40DB-93ED-27AA15354D84}.Release|Any CPU.Build.0 = Release|Any CPU
		{5A73EFFC-2649-4F40-9FA1-EB27438A4DFC}.Debug|Any CPU.ActiveCfg = Debug|Any CPU
		{5A73EFFC-2649-4F40-9FA1-EB27438A4DFC}.Debug|Any CPU.Build.0 = Debug|Any CPU
		{5A73EFFC-2649-4F40-9FA1-EB27438A4DFC}.Release|Any CPU.ActiveCfg = Release|Any CPU
		{5A73EFFC-2649-4F40-9FA1-EB27438A4DFC}.Release|Any CPU.Build.0 = Release|Any CPU
		{3F5DCC9B-5472-4DFB-8043-03F63A671769}.Debug|Any CPU.ActiveCfg = Debug|Any CPU
		{3F5DCC9B-5472-4DFB-8043-03F63A671769}.Debug|Any CPU.Build.0 = Debug|Any CPU
		{3F5DCC9B-5472-4DFB-8043-03F63A671769}.Release|Any CPU.ActiveCfg = Release|Any CPU
		{3F5DCC9B-5472-4DFB-8043-03F63A671769}.Release|Any CPU.Build.0 = Release|Any CPU
		{DD678785-85F4-4662-A2CD-1FDE3D3AC0BF}.Debug|Any CPU.ActiveCfg = Debug|Any CPU
		{DD678785-85F4-4662-A2CD-1FDE3D3AC0BF}.Debug|Any CPU.Build.0 = Debug|Any CPU
		{DD678785-85F4-4662-A2CD-1FDE3D3AC0BF}.Release|Any CPU.ActiveCfg = Release|Any CPU
		{DD678785-85F4-4662-A2CD-1FDE3D3AC0BF}.Release|Any CPU.Build.0 = Release|Any CPU
	EndGlobalSection
	GlobalSection(SolutionProperties) = preSolution
		HideSolutionNode = FALSE
	EndGlobalSection
	GlobalSection(NestedProjects) = preSolution
		{3FBDF4C3-1886-4ED9-B56B-B3A4657A4ECB} = {B259205D-3865-44B3-83B6-57BF08F15C20}
		{8FBDF53C-E04D-4E07-9BCB-725381A24D1D} = {B259205D-3865-44B3-83B6-57BF08F15C20}
		{3065C415-2DA8-4255-BBD2-0E73C6DFE72B} = {B259205D-3865-44B3-83B6-57BF08F15C20}
		{F81623F1-306C-49B5-8F3E-E99505269777} = {956E8973-7920-4261-862B-667117E63664}
		{277DFB1E-CD23-4D1A-AC57-D146BCA6B111} = {956E8973-7920-4261-862B-667117E63664}
		{AABCF8BC-F240-4081-8171-6ADF68C4442A} = {956E8973-7920-4261-862B-667117E63664}
		{85BBA013-EA97-414C-964C-FA0801144947} = {016DD62D-6704-454A-9EA7-258D9531D1B6}
		{CE66C911-8A3C-44B9-96F3-C81EAE1ED9A1} = {016DD62D-6704-454A-9EA7-258D9531D1B6}
		{46AB9102-8405-46E6-9351-8B7AE7269AF3} = {016DD62D-6704-454A-9EA7-258D9531D1B6}
		{87860D2D-1FAA-4880-8233-E38114173DE1} = {0F98765D-1311-4F01-86C4-7FEAC70A289E}
		{39381986-1434-4D57-9D57-9F87306BE2E7} = {0F98765D-1311-4F01-86C4-7FEAC70A289E}
		{FDA296F1-B931-42D1-95CF-211D85332AC0} = {0F98765D-1311-4F01-86C4-7FEAC70A289E}
		{8F99D5FD-EBE9-4A13-AA8A-53AC59C31AE0} = {25D02A0C-A33E-4374-9375-2159AD94B656}
		{99E9F309-6A7E-48B3-A8CF-1E8EEFD5CFEC} = {25D02A0C-A33E-4374-9375-2159AD94B656}
		{52CA2C4A-B376-40DB-93ED-27AA15354D84} = {25D02A0C-A33E-4374-9375-2159AD94B656}
		{5A73EFFC-2649-4F40-9FA1-EB27438A4DFC} = {AD5A7A66-7F6E-4D00-A1DA-A5AF338FB725}
		{3F5DCC9B-5472-4DFB-8043-03F63A671769} = {AD5A7A66-7F6E-4D00-A1DA-A5AF338FB725}
		{DD678785-85F4-4662-A2CD-1FDE3D3AC0BF} = {AD5A7A66-7F6E-4D00-A1DA-A5AF338FB725}
	EndGlobalSection
EndGlobal
